// !$*UTF8*$!
{
	archiveVersion = 1;
	classes = {
	};
	objectVersion = 77;
	objects = {

/* Begin PBXBuildFile section */
		6F6C93332F630404006CDF1E /* OneEightyWatch Watch App.app in Embed Watch Content */ = {isa = PBXBuildFile; fileRef = 6F6C93132F630403006CDF1E /* OneEightyWatch Watch App.app */; settings = {ATTRIBUTES = (RemoveHeadersOnCopy, ); }; };
		6FCE596F2EFB75690083AC60 /* WidgetKit.framework in Frameworks */ = {isa = PBXBuildFile; fileRef = 6FCE596E2EFB75690083AC60 /* WidgetKit.framework */; };
		6FCE59712EFB75690083AC60 /* SwiftUI.framework in Frameworks */ = {isa = PBXBuildFile; fileRef = 6FCE59702EFB75690083AC60 /* SwiftUI.framework */; };
		6FCE59802EFB756A0083AC60 /* MetronomeWidgetExtension.appex in Embed Foundation Extensions */ = {isa = PBXBuildFile; fileRef = 6FCE596C2EFB75690083AC60 /* MetronomeWidgetExtension.appex */; settings = {ATTRIBUTES = (RemoveHeadersOnCopy, ); }; };
/* End PBXBuildFile section */

/* Begin PBXContainerItemProxy section */
		6F6C93202F630404006CDF1E /* PBXContainerItemProxy */ = {
			isa = PBXContainerItemProxy;
			containerPortal = 6F9401A82EF8776500C02EE3 /* Project object */;
			proxyType = 1;
			remoteGlobalIDString = 6F6C93122F630403006CDF1E;
			remoteInfo = "OneEightyWatch Watch App";
		};
		6F6C932A2F630404006CDF1E /* PBXContainerItemProxy */ = {
			isa = PBXContainerItemProxy;
			containerPortal = 6F9401A82EF8776500C02EE3 /* Project object */;
			proxyType = 1;
			remoteGlobalIDString = 6F6C93122F630403006CDF1E;
			remoteInfo = "OneEightyWatch Watch App";
		};
		6F6C93312F630404006CDF1E /* PBXContainerItemProxy */ = {
			isa = PBXContainerItemProxy;
			containerPortal = 6F9401A82EF8776500C02EE3 /* Project object */;
			proxyType = 1;
			remoteGlobalIDString = 6F6C93122F630403006CDF1E;
			remoteInfo = "OneEightyWatch Watch App";
		};
		6F9401BE2EF8776700C02EE3 /* PBXContainerItemProxy */ = {
			isa = PBXContainerItemProxy;
			containerPortal = 6F9401A82EF8776500C02EE3 /* Project object */;
			proxyType = 1;
			remoteGlobalIDString = 6F9401AF2EF8776500C02EE3;
			remoteInfo = MetronomeApp;
		};
		6F9401C82EF8776700C02EE3 /* PBXContainerItemProxy */ = {
			isa = PBXContainerItemProxy;
			containerPortal = 6F9401A82EF8776500C02EE3 /* Project object */;
			proxyType = 1;
			remoteGlobalIDString = 6F9401AF2EF8776500C02EE3;
			remoteInfo = MetronomeApp;
		};
		6FCE597E2EFB756A0083AC60 /* PBXContainerItemProxy */ = {
			isa = PBXContainerItemProxy;
			containerPortal = 6F9401A82EF8776500C02EE3 /* Project object */;
			proxyType = 1;
			remoteGlobalIDString = 6FCE596B2EFB75690083AC60;
			remoteInfo = MetronomeWidgetExtension;
		};
/* End PBXContainerItemProxy section */

/* Begin PBXCopyFilesBuildPhase section */
		6F6C93342F630404006CDF1E /* Embed Watch Content */ = {
			isa = PBXCopyFilesBuildPhase;
			buildActionMask = 2147483647;
			dstPath = "$(CONTENTS_FOLDER_PATH)/Watch";
			dstSubfolderSpec = 16;
			files = (
				6F6C93332F630404006CDF1E /* OneEightyWatch Watch App.app in Embed Watch Content */,
			);
			name = "Embed Watch Content";
			runOnlyForDeploymentPostprocessing = 0;
		};
		6FCE59852EFB756A0083AC60 /* Embed Foundation Extensions */ = {
			isa = PBXCopyFilesBuildPhase;
			buildActionMask = 2147483647;
			dstPath = "";
			dstSubfolderSpec = 13;
			files = (
				6FCE59802EFB756A0083AC60 /* MetronomeWidgetExtension.appex in Embed Foundation Extensions */,
			);
			name = "Embed Foundation Extensions";
			runOnlyForDeploymentPostprocessing = 0;
		};
/* End PBXCopyFilesBuildPhase section */

/* Begin PBXFileReference section */
		6F6C93132F630403006CDF1E /* OneEightyWatch Watch App.app */ = {isa = PBXFileReference; explicitFileType = wrapper.application; includeInIndex = 0; path = "OneEightyWatch Watch App.app"; sourceTree = BUILT_PRODUCTS_DIR; };
		6F6C931F2F630404006CDF1E /* OneEightyWatch Watch AppTests.xctest */ = {isa = PBXFileReference; explicitFileType = wrapper.cfbundle; includeInIndex = 0; path = "OneEightyWatch Watch AppTests.xctest"; sourceTree = BUILT_PRODUCTS_DIR; };
		6F6C93292F630404006CDF1E /* OneEightyWatch Watch AppUITests.xctest */ = {isa = PBXFileReference; explicitFileType = wrapper.cfbundle; includeInIndex = 0; path = "OneEightyWatch Watch AppUITests.xctest"; sourceTree = BUILT_PRODUCTS_DIR; };
		6F9401B02EF8776500C02EE3 /* MetronomeApp.app */ = {isa = PBXFileReference; explicitFileType = wrapper.application; includeInIndex = 0; path = MetronomeApp.app; sourceTree = BUILT_PRODUCTS_DIR; };
		6F9401BD2EF8776700C02EE3 /* MetronomeAppTests.xctest */ = {isa = PBXFileReference; explicitFileType = wrapper.cfbundle; includeInIndex = 0; path = MetronomeAppTests.xctest; sourceTree = BUILT_PRODUCTS_DIR; };
		6F9401C72EF8776700C02EE3 /* MetronomeAppUITests.xctest */ = {isa = PBXFileReference; explicitFileType = wrapper.cfbundle; includeInIndex = 0; path = MetronomeAppUITests.xctest; sourceTree = BUILT_PRODUCTS_DIR; };
		6FCE596C2EFB75690083AC60 /* MetronomeWidgetExtension.appex */ = {isa = PBXFileReference; explicitFileType = "wrapper.app-extension"; includeInIndex = 0; path = MetronomeWidgetExtension.appex; sourceTree = BUILT_PRODUCTS_DIR; };
		6FCE596E2EFB75690083AC60 /* WidgetKit.framework */ = {isa = PBXFileReference; lastKnownFileType = wrapper.framework; name = WidgetKit.framework; path = System/Library/Frameworks/WidgetKit.framework; sourceTree = SDKROOT; };
		6FCE59702EFB75690083AC60 /* SwiftUI.framework */ = {isa = PBXFileReference; lastKnownFileType = wrapper.framework; name = SwiftUI.framework; path = System/Library/Frameworks/SwiftUI.framework; sourceTree = SDKROOT; };
		6FCE59862EFB75760083AC60 /* MetronomeWidgetExtension.entitlements */ = {isa = PBXFileReference; lastKnownFileType = text.plist.entitlements; path = MetronomeWidgetExtension.entitlements; sourceTree = "<group>"; };
/* End PBXFileReference section */

/* Begin PBXFileSystemSynchronizedBuildFileExceptionSet section */
		6F6645CC2EF99A0300D02373 /* Exceptions for "MetronomeApp" folder in "MetronomeApp" target */ = {
			isa = PBXFileSystemSynchronizedBuildFileExceptionSet;
			membershipExceptions = (
				Info.plist,
			);
			target = 6F9401AF2EF8776500C02EE3 /* MetronomeApp */;
		};
		6FCE59842EFB756A0083AC60 /* Exceptions for "MetronomeWidget" folder in "MetronomeWidgetExtension" target */ = {
			isa = PBXFileSystemSynchronizedBuildFileExceptionSet;
			membershipExceptions = (
				Info.plist,
			);
			target = 6FCE596B2EFB75690083AC60 /* MetronomeWidgetExtension */;
		};
		6FCE598A2EFBA4C70083AC60 /* Exceptions for "MetronomeApp" folder in "MetronomeWidgetExtension" target */ = {
			isa = PBXFileSystemSynchronizedBuildFileExceptionSet;
			membershipExceptions = (
				ActivityUpdateTracker.swift,
				MetronomeActivityAttributes.swift,
				MetronomeApp/SharedMetronomeState.swift,
				MetronomeAppIntents.swift,
			);
			target = 6FCE596B2EFB75690083AC60 /* MetronomeWidgetExtension */;
		};
/* End PBXFileSystemSynchronizedBuildFileExceptionSet section */

/* Begin PBXFileSystemSynchronizedRootGroup section */
		6F6C93142F630403006CDF1E /* OneEightyWatch Watch App */ = {
			isa = PBXFileSystemSynchronizedRootGroup;
			path = "OneEightyWatch Watch App";
			sourceTree = "<group>";
		};
		6F6C93222F630404006CDF1E /* OneEightyWatch Watch AppTests */ = {
			isa = PBXFileSystemSynchronizedRootGroup;
			path = "OneEightyWatch Watch AppTests";
			sourceTree = "<group>";
		};
		6F6C932C2F630404006CDF1E /* OneEightyWatch Watch AppUITests */ = {
			isa = PBXFileSystemSynchronizedRootGroup;
			path = "OneEightyWatch Watch AppUITests";
			sourceTree = "<group>";
		};
		6F9401B22EF8776500C02EE3 /* MetronomeApp */ = {
			isa = PBXFileSystemSynchronizedRootGroup;
			exceptions = (
				6F6645CC2EF99A0300D02373 /* Exceptions for "MetronomeApp" folder in "MetronomeApp" target */,
				6FCE598A2EFBA4C70083AC60 /* Exceptions for "MetronomeApp" folder in "MetronomeWidgetExtension" target */,
			);
			path = MetronomeApp;
			sourceTree = "<group>";
		};
		6F9401C02EF8776700C02EE3 /* MetronomeAppTests */ = {
			isa = PBXFileSystemSynchronizedRootGroup;
			path = MetronomeAppTests;
			sourceTree = "<group>";
		};
		6F9401CA2EF8776700C02EE3 /* MetronomeAppUITests */ = {
			isa = PBXFileSystemSynchronizedRootGroup;
			path = MetronomeAppUITests;
			sourceTree = "<group>";
		};
		6FCE59722EFB75690083AC60 /* MetronomeWidget */ = {
			isa = PBXFileSystemSynchronizedRootGroup;
			exceptions = (
				6FCE59842EFB756A0083AC60 /* Exceptions for "MetronomeWidget" folder in "MetronomeWidgetExtension" target */,
			);
			path = MetronomeWidget;
			sourceTree = "<group>";
		};
/* End PBXFileSystemSynchronizedRootGroup section */

/* Begin PBXFrameworksBuildPhase section */
		6F6C93102F630403006CDF1E /* Frameworks */ = {
			isa = PBXFrameworksBuildPhase;
			buildActionMask = 2147483647;
			files = (
			);
			runOnlyForDeploymentPostprocessing = 0;
		};
		6F6C931C2F630404006CDF1E /* Frameworks */ = {
			isa = PBXFrameworksBuildPhase;
			buildActionMask = 2147483647;
			files = (
			);
			runOnlyForDeploymentPostprocessing = 0;
		};
		6F6C93262F630404006CDF1E /* Frameworks */ = {
			isa = PBXFrameworksBuildPhase;
			buildActionMask = 2147483647;
			files = (
			);
			runOnlyForDeploymentPostprocessing = 0;
		};
		6F9401AD2EF8776500C02EE3 /* Frameworks */ = {
			isa = PBXFrameworksBuildPhase;
			buildActionMask = 2147483647;
			files = (
			);
			runOnlyForDeploymentPostprocessing = 0;
		};
		6F9401BA2EF8776700C02EE3 /* Frameworks */ = {
			isa = PBXFrameworksBuildPhase;
			buildActionMask = 2147483647;
			files = (
			);
			runOnlyForDeploymentPostprocessing = 0;
		};
		6F9401C42EF8776700C02EE3 /* Frameworks */ = {
			isa = PBXFrameworksBuildPhase;
			buildActionMask = 2147483647;
			files = (
			);
			runOnlyForDeploymentPostprocessing = 0;
		};
		6FCE59692EFB75690083AC60 /* Frameworks */ = {
			isa = PBXFrameworksBuildPhase;
			buildActionMask = 2147483647;
			files = (
				6FCE59712EFB75690083AC60 /* SwiftUI.framework in Frameworks */,
				6FCE596F2EFB75690083AC60 /* WidgetKit.framework in Frameworks */,
			);
			runOnlyForDeploymentPostprocessing = 0;
		};
/* End PBXFrameworksBuildPhase section */

/* Begin PBXGroup section */
		6F9401A72EF8776500C02EE3 = {
			isa = PBXGroup;
			children = (
				6FCE59862EFB75760083AC60 /* MetronomeWidgetExtension.entitlements */,
				6F9401B22EF8776500C02EE3 /* MetronomeApp */,
				6F9401C02EF8776700C02EE3 /* MetronomeAppTests */,
				6F9401CA2EF8776700C02EE3 /* MetronomeAppUITests */,
				6FCE59722EFB75690083AC60 /* MetronomeWidget */,
				6F6C93142F630403006CDF1E /* OneEightyWatch Watch App */,
				6F6C93222F630404006CDF1E /* OneEightyWatch Watch AppTests */,
				6F6C932C2F630404006CDF1E /* OneEightyWatch Watch AppUITests */,
				6FCE596D2EFB75690083AC60 /* Frameworks */,
				6F9401B12EF8776500C02EE3 /* Products */,
			);
			sourceTree = "<group>";
		};
		6F9401B12EF8776500C02EE3 /* Products */ = {
			isa = PBXGroup;
			children = (
				6F9401B02EF8776500C02EE3 /* MetronomeApp.app */,
				6F9401BD2EF8776700C02EE3 /* MetronomeAppTests.xctest */,
				6F9401C72EF8776700C02EE3 /* MetronomeAppUITests.xctest */,
				6FCE596C2EFB75690083AC60 /* MetronomeWidgetExtension.appex */,
				6F6C93132F630403006CDF1E /* OneEightyWatch Watch App.app */,
				6F6C931F2F630404006CDF1E /* OneEightyWatch Watch AppTests.xctest */,
				6F6C93292F630404006CDF1E /* OneEightyWatch Watch AppUITests.xctest */,
			);
			name = Products;
			sourceTree = "<group>";
		};
		6FCE596D2EFB75690083AC60 /* Frameworks */ = {
			isa = PBXGroup;
			children = (
				6FCE596E2EFB75690083AC60 /* WidgetKit.framework */,
				6FCE59702EFB75690083AC60 /* SwiftUI.framework */,
			);
			name = Frameworks;
			sourceTree = "<group>";
		};
/* End PBXGroup section */

/* Begin PBXNativeTarget section */
		6F6C93122F630403006CDF1E /* OneEightyWatch Watch App */ = {
			isa = PBXNativeTarget;
			buildConfigurationList = 6F6C933B2F630404006CDF1E /* Build configuration list for PBXNativeTarget "OneEightyWatch Watch App" */;
			buildPhases = (
				6F6C930F2F630403006CDF1E /* Sources */,
				6F6C93102F630403006CDF1E /* Frameworks */,
				6F6C93112F630403006CDF1E /* Resources */,
			);
			buildRules = (
			);
			dependencies = (
			);
			fileSystemSynchronizedGroups = (
				6F6C93142F630403006CDF1E /* OneEightyWatch Watch App */,
			);
			name = "OneEightyWatch Watch App";
			packageProductDependencies = (
			);
			productName = "OneEightyWatch Watch App";
			productReference = 6F6C93132F630403006CDF1E /* OneEightyWatch Watch App.app */;
			productType = "com.apple.product-type.application";
		};
		6F6C931E2F630404006CDF1E /* OneEightyWatch Watch AppTests */ = {
			isa = PBXNativeTarget;
			buildConfigurationList = 6F6C933C2F630404006CDF1E /* Build configuration list for PBXNativeTarget "OneEightyWatch Watch AppTests" */;
			buildPhases = (
				6F6C931B2F630404006CDF1E /* Sources */,
				6F6C931C2F630404006CDF1E /* Frameworks */,
				6F6C931D2F630404006CDF1E /* Resources */,
			);
			buildRules = (
			);
			dependencies = (
				6F6C93212F630404006CDF1E /* PBXTargetDependency */,
			);
			fileSystemSynchronizedGroups = (
				6F6C93222F630404006CDF1E /* OneEightyWatch Watch AppTests */,
			);
			name = "OneEightyWatch Watch AppTests";
			packageProductDependencies = (
			);
			productName = "OneEightyWatch Watch AppTests";
			productReference = 6F6C931F2F630404006CDF1E /* OneEightyWatch Watch AppTests.xctest */;
			productType = "com.apple.product-type.bundle.unit-test";
		};
		6F6C93282F630404006CDF1E /* OneEightyWatch Watch AppUITests */ = {
			isa = PBXNativeTarget;
			buildConfigurationList = 6F6C933D2F630404006CDF1E /* Build configuration list for PBXNativeTarget "OneEightyWatch Watch AppUITests" */;
			buildPhases = (
				6F6C93252F630404006CDF1E /* Sources */,
				6F6C93262F630404006CDF1E /* Frameworks */,
				6F6C93272F630404006CDF1E /* Resources */,
			);
			buildRules = (
			);
			dependencies = (
				6F6C932B2F630404006CDF1E /* PBXTargetDependency */,
			);
			fileSystemSynchronizedGroups = (
				6F6C932C2F630404006CDF1E /* OneEightyWatch Watch AppUITests */,
			);
			name = "OneEightyWatch Watch AppUITests";
			packageProductDependencies = (
			);
			productName = "OneEightyWatch Watch AppUITests";
			productReference = 6F6C93292F630404006CDF1E /* OneEightyWatch Watch AppUITests.xctest */;
			productType = "com.apple.product-type.bundle.ui-testing";
		};
		6F9401AF2EF8776500C02EE3 /* MetronomeApp */ = {
			isa = PBXNativeTarget;
			buildConfigurationList = 6F9401D12EF8776700C02EE3 /* Build configuration list for PBXNativeTarget "MetronomeApp" */;
			buildPhases = (
				6F9401AC2EF8776500C02EE3 /* Sources */,
				6F9401AD2EF8776500C02EE3 /* Frameworks */,
				6F9401AE2EF8776500C02EE3 /* Resources */,
				6FCE59852EFB756A0083AC60 /* Embed Foundation Extensions */,
				6F6C93342F630404006CDF1E /* Embed Watch Content */,
			);
			buildRules = (
			);
			dependencies = (
				6FCE597F2EFB756A0083AC60 /* PBXTargetDependency */,
				6F6C93322F630404006CDF1E /* PBXTargetDependency */,
			);
			fileSystemSynchronizedGroups = (
				6F9401B22EF8776500C02EE3 /* MetronomeApp */,
			);
			name = MetronomeApp;
			packageProductDependencies = (
			);
			productName = MetronomeApp;
			productReference = 6F9401B02EF8776500C02EE3 /* MetronomeApp.app */;
			productType = "com.apple.product-type.application";
		};
		6F9401BC2EF8776700C02EE3 /* MetronomeAppTests */ = {
			isa = PBXNativeTarget;
			buildConfigurationList = 6F9401D42EF8776700C02EE3 /* Build configuration list for PBXNativeTarget "MetronomeAppTests" */;
			buildPhases = (
				6F9401B92EF8776700C02EE3 /* Sources */,
				6F9401BA2EF8776700C02EE3 /* Frameworks */,
				6F9401BB2EF8776700C02EE3 /* Resources */,
			);
			buildRules = (
			);
			dependencies = (
				6F9401BF2EF8776700C02EE3 /* PBXTargetDependency */,
			);
			fileSystemSynchronizedGroups = (
				6F9401C02EF8776700C02EE3 /* MetronomeAppTests */,
			);
			name = MetronomeAppTests;
			packageProductDependencies = (
			);
			productName = MetronomeAppTests;
			productReference = 6F9401BD2EF8776700C02EE3 /* MetronomeAppTests.xctest */;
			productType = "com.apple.product-type.bundle.unit-test";
		};
		6F9401C62EF8776700C02EE3 /* MetronomeAppUITests */ = {
			isa = PBXNativeTarget;
			buildConfigurationList = 6F9401D72EF8776700C02EE3 /* Build configuration list for PBXNativeTarget "MetronomeAppUITests" */;
			buildPhases = (
				6F9401C32EF8776700C02EE3 /* Sources */,
				6F9401C42EF8776700C02EE3 /* Frameworks */,
				6F9401C52EF8776700C02EE3 /* Resources */,
			);
			buildRules = (
			);
			dependencies = (
				6F9401C92EF8776700C02EE3 /* PBXTargetDependency */,
			);
			fileSystemSynchronizedGroups = (
				6F9401CA2EF8776700C02EE3 /* MetronomeAppUITests */,
			);
			name = MetronomeAppUITests;
			packageProductDependencies = (
			);
			productName = MetronomeAppUITests;
			productReference = 6F9401C72EF8776700C02EE3 /* MetronomeAppUITests.xctest */;
			productType = "com.apple.product-type.bundle.ui-testing";
		};
		6FCE596B2EFB75690083AC60 /* MetronomeWidgetExtension */ = {
			isa = PBXNativeTarget;
			buildConfigurationList = 6FCE59812EFB756A0083AC60 /* Build configuration list for PBXNativeTarget "MetronomeWidgetExtension" */;
			buildPhases = (
				6FCE59682EFB75690083AC60 /* Sources */,
				6FCE59692EFB75690083AC60 /* Frameworks */,
				6FCE596A2EFB75690083AC60 /* Resources */,
			);
			buildRules = (
			);
			dependencies = (
			);
			fileSystemSynchronizedGroups = (
				6FCE59722EFB75690083AC60 /* MetronomeWidget */,
			);
			name = MetronomeWidgetExtension;
			packageProductDependencies = (
			);
			productName = MetronomeWidgetExtension;
			productReference = 6FCE596C2EFB75690083AC60 /* MetronomeWidgetExtension.appex */;
			productType = "com.apple.product-type.app-extension";
		};
/* End PBXNativeTarget section */

/* Begin PBXProject section */
		6F9401A82EF8776500C02EE3 /* Project object */ = {
			isa = PBXProject;
			attributes = {
				BuildIndependentTargetsInParallel = 1;
				LastSwiftUpdateCheck = 2630;
				LastUpgradeCheck = 2620;
				TargetAttributes = {
					6F6C93122F630403006CDF1E = {
						CreatedOnToolsVersion = 26.3;
					};
					6F6C931E2F630404006CDF1E = {
						CreatedOnToolsVersion = 26.3;
						TestTargetID = 6F6C93122F630403006CDF1E;
					};
					6F6C93282F630404006CDF1E = {
						CreatedOnToolsVersion = 26.3;
						TestTargetID = 6F6C93122F630403006CDF1E;
					};
					6F9401AF2EF8776500C02EE3 = {
						CreatedOnToolsVersion = 26.2;
					};
					6F9401BC2EF8776700C02EE3 = {
						CreatedOnToolsVersion = 26.2;
						TestTargetID = 6F9401AF2EF8776500C02EE3;
					};
					6F9401C62EF8776700C02EE3 = {
						CreatedOnToolsVersion = 26.2;
						TestTargetID = 6F9401AF2EF8776500C02EE3;
					};
					6FCE596B2EFB75690083AC60 = {
						CreatedOnToolsVersion = 26.2;
					};
				};
			};
			buildConfigurationList = 6F9401AB2EF8776500C02EE3 /* Build configuration list for PBXProject "MetronomeApp" */;
			developmentRegion = en;
			hasScannedForEncodings = 0;
			knownRegions = (
				en,
				Base,
			);
			mainGroup = 6F9401A72EF8776500C02EE3;
			minimizedProjectReferenceProxies = 1;
			preferredProjectObjectVersion = 77;
			productRefGroup = 6F9401B12EF8776500C02EE3 /* Products */;
			projectDirPath = "";
			projectRoot = "";
			targets = (
				6F9401AF2EF8776500C02EE3 /* MetronomeApp */,
				6F9401BC2EF8776700C02EE3 /* MetronomeAppTests */,
				6F9401C62EF8776700C02EE3 /* MetronomeAppUITests */,
				6FCE596B2EFB75690083AC60 /* MetronomeWidgetExtension */,
				6F6C93122F630403006CDF1E /* OneEightyWatch Watch App */,
				6F6C931E2F630404006CDF1E /* OneEightyWatch Watch AppTests */,
				6F6C93282F630404006CDF1E /* OneEightyWatch Watch AppUITests */,
			);
		};
/* End PBXProject section */

/* Begin PBXResourcesBuildPhase section */
		6F6C93112F630403006CDF1E /* Resources */ = {
			isa = PBXResourcesBuildPhase;
			buildActionMask = 2147483647;
			files = (
			);
			runOnlyForDeploymentPostprocessing = 0;
		};
		6F6C931D2F630404006CDF1E /* Resources */ = {
			isa = PBXResourcesBuildPhase;
			buildActionMask = 2147483647;
			files = (
			);
			runOnlyForDeploymentPostprocessing = 0;
		};
		6F6C93272F630404006CDF1E /* Resources */ = {
			isa = PBXResourcesBuildPhase;
			buildActionMask = 2147483647;
			files = (
			);
			runOnlyForDeploymentPostprocessing = 0;
		};
		6F9401AE2EF8776500C02EE3 /* Resources */ = {
			isa = PBXResourcesBuildPhase;
			buildActionMask = 2147483647;
			files = (
			);
			runOnlyForDeploymentPostprocessing = 0;
		};
		6F9401BB2EF8776700C02EE3 /* Resources */ = {
			isa = PBXResourcesBuildPhase;
			buildActionMask = 2147483647;
			files = (
			);
			runOnlyForDeploymentPostprocessing = 0;
		};
		6F9401C52EF8776700C02EE3 /* Resources */ = {
			isa = PBXResourcesBuildPhase;
			buildActionMask = 2147483647;
			files = (
			);
			runOnlyForDeploymentPostprocessing = 0;
		};
		6FCE596A2EFB75690083AC60 /* Resources */ = {
			isa = PBXResourcesBuildPhase;
			buildActionMask = 2147483647;
			files = (
			);
			runOnlyForDeploymentPostprocessing = 0;
		};
/* End PBXResourcesBuildPhase section */

/* Begin PBXSourcesBuildPhase section */
		6F6C930F2F630403006CDF1E /* Sources */ = {
			isa = PBXSourcesBuildPhase;
			buildActionMask = 2147483647;
			files = (
			);
			runOnlyForDeploymentPostprocessing = 0;
		};
		6F6C931B2F630404006CDF1E /* Sources */ = {
			isa = PBXSourcesBuildPhase;
			buildActionMask = 2147483647;
			files = (
			);
			runOnlyForDeploymentPostprocessing = 0;
		};
		6F6C93252F630404006CDF1E /* Sources */ = {
			isa = PBXSourcesBuildPhase;
			buildActionMask = 2147483647;
			files = (
			);
			runOnlyForDeploymentPostprocessing = 0;
		};
		6F9401AC2EF8776500C02EE3 /* Sources */ = {
			isa = PBXSourcesBuildPhase;
			buildActionMask = 2147483647;
			files = (
			);
			runOnlyForDeploymentPostprocessing = 0;
		};
		6F9401B92EF8776700C02EE3 /* Sources */ = {
			isa = PBXSourcesBuildPhase;
			buildActionMask = 2147483647;
			files = (
			);
			runOnlyForDeploymentPostprocessing = 0;
		};
		6F9401C32EF8776700C02EE3 /* Sources */ = {
			isa = PBXSourcesBuildPhase;
			buildActionMask = 2147483647;
			files = (
			);
			runOnlyForDeploymentPostprocessing = 0;
		};
		6FCE59682EFB75690083AC60 /* Sources */ = {
			isa = PBXSourcesBuildPhase;
			buildActionMask = 2147483647;
			files = (
			);
			runOnlyForDeploymentPostprocessing = 0;
		};
/* End PBXSourcesBuildPhase section */

/* Begin PBXTargetDependency section */
		6F6C93212F630404006CDF1E /* PBXTargetDependency */ = {
			isa = PBXTargetDependency;
			target = 6F6C93122F630403006CDF1E /* OneEightyWatch Watch App */;
			targetProxy = 6F6C93202F630404006CDF1E /* PBXContainerItemProxy */;
		};
		6F6C932B2F630404006CDF1E /* PBXTargetDependency */ = {
			isa = PBXTargetDependency;
			target = 6F6C93122F630403006CDF1E /* OneEightyWatch Watch App */;
			targetProxy = 6F6C932A2F630404006CDF1E /* PBXContainerItemProxy */;
		};
		6F6C93322F630404006CDF1E /* PBXTargetDependency */ = {
			isa = PBXTargetDependency;
			target = 6F6C93122F630403006CDF1E /* OneEightyWatch Watch App */;
			targetProxy = 6F6C93312F630404006CDF1E /* PBXContainerItemProxy */;
		};
		6F9401BF2EF8776700C02EE3 /* PBXTargetDependency */ = {
			isa = PBXTargetDependency;
			target = 6F9401AF2EF8776500C02EE3 /* MetronomeApp */;
			targetProxy = 6F9401BE2EF8776700C02EE3 /* PBXContainerItemProxy */;
		};
		6F9401C92EF8776700C02EE3 /* PBXTargetDependency */ = {
			isa = PBXTargetDependency;
			target = 6F9401AF2EF8776500C02EE3 /* MetronomeApp */;
			targetProxy = 6F9401C82EF8776700C02EE3 /* PBXContainerItemProxy */;
		};
		6FCE597F2EFB756A0083AC60 /* PBXTargetDependency */ = {
			isa = PBXTargetDependency;
			target = 6FCE596B2EFB75690083AC60 /* MetronomeWidgetExtension */;
			targetProxy = 6FCE597E2EFB756A0083AC60 /* PBXContainerItemProxy */;
		};
/* End PBXTargetDependency section */

/* Begin XCBuildConfiguration section */
		6F6C93352F630404006CDF1E /* Debug */ = {
			isa = XCBuildConfiguration;
			buildSettings = {
				ASSETCATALOG_COMPILER_APPICON_NAME = AppIcon;
				ASSETCATALOG_COMPILER_GLOBAL_ACCENT_COLOR_NAME = AccentColor;
				CODE_SIGN_STYLE = Automatic;
				CURRENT_PROJECT_VERSION = 1;
				DEVELOPMENT_TEAM = K7T7J4BD4W;
				ENABLE_PREVIEWS = YES;
				GENERATE_INFOPLIST_FILE = YES;
				INFOPLIST_KEY_CFBundleDisplayName = OneEightyWatch;
				INFOPLIST_KEY_UISupportedInterfaceOrientations = "UIInterfaceOrientationPortrait UIInterfaceOrientationPortraitUpsideDown";
				INFOPLIST_KEY_WKCompanionAppBundleIdentifier = com.danielbutler.MetronomeApp;
				LD_RUNPATH_SEARCH_PATHS = (
					"$(inherited)",
					"@executable_path/Frameworks",
				);
				MARKETING_VERSION = 1.0;
				PRODUCT_BUNDLE_IDENTIFIER = com.danielbutler.MetronomeApp.watchkitapp;
				PRODUCT_NAME = "$(TARGET_NAME)";
				SDKROOT = watchos;
				SKIP_INSTALL = YES;
				STRING_CATALOG_GENERATE_SYMBOLS = YES;
				SWIFT_APPROACHABLE_CONCURRENCY = YES;
				SWIFT_DEFAULT_ACTOR_ISOLATION = MainActor;
				SWIFT_EMIT_LOC_STRINGS = YES;
				SWIFT_UPCOMING_FEATURE_MEMBER_IMPORT_VISIBILITY = YES;
				SWIFT_VERSION = 5.0;
				TARGETED_DEVICE_FAMILY = 4;
				WATCHOS_DEPLOYMENT_TARGET = 26.2;
			};
			name = Debug;
		};
		6F6C93362F630404006CDF1E /* Release */ = {
			isa = XCBuildConfiguration;
			buildSettings = {
				ASSETCATALOG_COMPILER_APPICON_NAME = AppIcon;
				ASSETCATALOG_COMPILER_GLOBAL_ACCENT_COLOR_NAME = AccentColor;
				CODE_SIGN_STYLE = Automatic;
				CURRENT_PROJECT_VERSION = 1;
				DEVELOPMENT_TEAM = K7T7J4BD4W;
				ENABLE_PREVIEWS = YES;
				GENERATE_INFOPLIST_FILE = YES;
				INFOPLIST_KEY_CFBundleDisplayName = OneEightyWatch;
				INFOPLIST_KEY_UISupportedInterfaceOrientations = "UIInterfaceOrientationPortrait UIInterfaceOrientationPortraitUpsideDown";
				INFOPLIST_KEY_WKCompanionAppBundleIdentifier = com.danielbutler.MetronomeApp;
				LD_RUNPATH_SEARCH_PATHS = (
					"$(inherited)",
					"@executable_path/Frameworks",
				);
				MARKETING_VERSION = 1.0;
				PRODUCT_BUNDLE_IDENTIFIER = com.danielbutler.MetronomeApp.watchkitapp;
				PRODUCT_NAME = "$(TARGET_NAME)";
				SDKROOT = watchos;
				SKIP_INSTALL = YES;
				STRING_CATALOG_GENERATE_SYMBOLS = YES;
				SWIFT_APPROACHABLE_CONCURRENCY = YES;
				SWIFT_DEFAULT_ACTOR_ISOLATION = MainActor;
				SWIFT_EMIT_LOC_STRINGS = YES;
				SWIFT_UPCOMING_FEATURE_MEMBER_IMPORT_VISIBILITY = YES;
				SWIFT_VERSION = 5.0;
				TARGETED_DEVICE_FAMILY = 4;
				WATCHOS_DEPLOYMENT_TARGET = 26.2;
			};
			name = Release;
		};
		6F6C93372F630404006CDF1E /* Debug */ = {
			isa = XCBuildConfiguration;
			buildSettings = {
				BUNDLE_LOADER = "$(TEST_HOST)";
				CODE_SIGN_STYLE = Automatic;
				CURRENT_PROJECT_VERSION = 1;
				DEVELOPMENT_TEAM = K7T7J4BD4W;
				GENERATE_INFOPLIST_FILE = YES;
				MARKETING_VERSION = 1.0;
				PRODUCT_BUNDLE_IDENTIFIER = "com.danielbutler.OneEightyWatch-Watch-AppTests";
				PRODUCT_NAME = "$(TARGET_NAME)";
				SDKROOT = watchos;
				STRING_CATALOG_GENERATE_SYMBOLS = NO;
				SWIFT_APPROACHABLE_CONCURRENCY = YES;
				SWIFT_EMIT_LOC_STRINGS = NO;
				SWIFT_UPCOMING_FEATURE_MEMBER_IMPORT_VISIBILITY = YES;
				SWIFT_VERSION = 5.0;
				TARGETED_DEVICE_FAMILY = 4;
				TEST_HOST = "$(BUILT_PRODUCTS_DIR)/OneEightyWatch Watch App.app/$(BUNDLE_EXECUTABLE_FOLDER_PATH)/OneEightyWatch Watch App";
				WATCHOS_DEPLOYMENT_TARGET = 26.2;
			};
			name = Debug;
		};
		6F6C93382F630404006CDF1E /* Release */ = {
			isa = XCBuildConfiguration;
			buildSettings = {
				BUNDLE_LOADER = "$(TEST_HOST)";
				CODE_SIGN_STYLE = Automatic;
				CURRENT_PROJECT_VERSION = 1;
				DEVELOPMENT_TEAM = K7T7J4BD4W;
				GENERATE_INFOPLIST_FILE = YES;
				MARKETING_VERSION = 1.0;
				PRODUCT_BUNDLE_IDENTIFIER = "com.danielbutler.OneEightyWatch-Watch-AppTests";
				PRODUCT_NAME = "$(TARGET_NAME)";
				SDKROOT = watchos;
				STRING_CATALOG_GENERATE_SYMBOLS = NO;
				SWIFT_APPROACHABLE_CONCURRENCY = YES;
				SWIFT_EMIT_LOC_STRINGS = NO;
				SWIFT_UPCOMING_FEATURE_MEMBER_IMPORT_VISIBILITY = YES;
				SWIFT_VERSION = 5.0;
				TARGETED_DEVICE_FAMILY = 4;
				TEST_HOST = "$(BUILT_PRODUCTS_DIR)/OneEightyWatch Watch App.app/$(BUNDLE_EXECUTABLE_FOLDER_PATH)/OneEightyWatch Watch App";
				WATCHOS_DEPLOYMENT_TARGET = 26.2;
			};
			name = Release;
		};
		6F6C93392F630404006CDF1E /* Debug */ = {
			isa = XCBuildConfiguration;
			buildSettings = {
				CODE_SIGN_STYLE = Automatic;
				CURRENT_PROJECT_VERSION = 1;
				DEVELOPMENT_TEAM = K7T7J4BD4W;
				GENERATE_INFOPLIST_FILE = YES;
				MARKETING_VERSION = 1.0;
				PRODUCT_BUNDLE_IDENTIFIER = "com.danielbutler.OneEightyWatch-Watch-AppUITests";
				PRODUCT_NAME = "$(TARGET_NAME)";
				SDKROOT = watchos;
				STRING_CATALOG_GENERATE_SYMBOLS = NO;
				SWIFT_APPROACHABLE_CONCURRENCY = YES;
				SWIFT_EMIT_LOC_STRINGS = NO;
				SWIFT_UPCOMING_FEATURE_MEMBER_IMPORT_VISIBILITY = YES;
				SWIFT_VERSION = 5.0;
				TARGETED_DEVICE_FAMILY = 4;
				TEST_TARGET_NAME = "OneEightyWatch Watch App";
				WATCHOS_DEPLOYMENT_TARGET = 26.2;
			};
			name = Debug;
		};
		6F6C933A2F630404006CDF1E /* Release */ = {
			isa = XCBuildConfiguration;
			buildSettings = {
				CODE_SIGN_STYLE = Automatic;
				CURRENT_PROJECT_VERSION = 1;
				DEVELOPMENT_TEAM = K7T7J4BD4W;
				GENERATE_INFOPLIST_FILE = YES;
				MARKETING_VERSION = 1.0;
				PRODUCT_BUNDLE_IDENTIFIER = "com.danielbutler.OneEightyWatch-Watch-AppUITests";
				PRODUCT_NAME = "$(TARGET_NAME)";
				SDKROOT = watchos;
				STRING_CATALOG_GENERATE_SYMBOLS = NO;
				SWIFT_APPROACHABLE_CONCURRENCY = YES;
				SWIFT_EMIT_LOC_STRINGS = NO;
				SWIFT_UPCOMING_FEATURE_MEMBER_IMPORT_VISIBILITY = YES;
				SWIFT_VERSION = 5.0;
				TARGETED_DEVICE_FAMILY = 4;
				TEST_TARGET_NAME = "OneEightyWatch Watch App";
				WATCHOS_DEPLOYMENT_TARGET = 26.2;
			};
			name = Release;
		};
		6F9401CF2EF8776700C02EE3 /* Debug */ = {
			isa = XCBuildConfiguration;
			buildSettings = {
				ALWAYS_SEARCH_USER_PATHS = NO;
				ASSETCATALOG_COMPILER_GENERATE_SWIFT_ASSET_SYMBOL_EXTENSIONS = YES;
				CLANG_ANALYZER_NONNULL = YES;
				CLANG_ANALYZER_NUMBER_OBJECT_CONVERSION = YES_AGGRESSIVE;
				CLANG_CXX_LANGUAGE_STANDARD = "gnu++20";
				CLANG_ENABLE_MODULES = YES;
				CLANG_ENABLE_OBJC_ARC = YES;
				CLANG_ENABLE_OBJC_WEAK = YES;
				CLANG_WARN_BLOCK_CAPTURE_AUTORELEASING = YES;
				CLANG_WARN_BOOL_CONVERSION = YES;
				CLANG_WARN_COMMA = YES;
				CLANG_WARN_CONSTANT_CONVERSION = YES;
				CLANG_WARN_DEPRECATED_OBJC_IMPLEMENTATIONS = YES;
				CLANG_WARN_DIRECT_OBJC_ISA_USAGE = YES_ERROR;
				CLANG_WARN_DOCUMENTATION_COMMENTS = YES;
				CLANG_WARN_EMPTY_BODY = YES;
				CLANG_WARN_ENUM_CONVERSION = YES;
				CLANG_WARN_INFINITE_RECURSION = YES;
				CLANG_WARN_INT_CONVERSION = YES;
				CLANG_WARN_NON_LITERAL_NULL_CONVERSION = YES;
				CLANG_WARN_OBJC_IMPLICIT_RETAIN_SELF = YES;
				CLANG_WARN_OBJC_LITERAL_CONVERSION = YES;
				CLANG_WARN_OBJC_ROOT_CLASS = YES_ERROR;
				CLANG_WARN_QUOTED_INCLUDE_IN_FRAMEWORK_HEADER = YES;
				CLANG_WARN_RANGE_LOOP_ANALYSIS = YES;
				CLANG_WARN_STRICT_PROTOTYPES = YES;
				CLANG_WARN_SUSPICIOUS_MOVE = YES;
				CLANG_WARN_UNGUARDED_AVAILABILITY = YES_AGGRESSIVE;
				CLANG_WARN_UNREACHABLE_CODE = YES;
				CLANG_WARN__DUPLICATE_METHOD_MATCH = YES;
				COPY_PHASE_STRIP = NO;
				DEBUG_INFORMATION_FORMAT = dwarf;
				DEVELOPMENT_TEAM = K7T7J4BD4W;
				ENABLE_STRICT_OBJC_MSGSEND = YES;
				ENABLE_TESTABILITY = YES;
				ENABLE_USER_SCRIPT_SANDBOXING = YES;
				GCC_C_LANGUAGE_STANDARD = gnu17;
				GCC_DYNAMIC_NO_PIC = NO;
				GCC_NO_COMMON_BLOCKS = YES;
				GCC_OPTIMIZATION_LEVEL = 0;
				GCC_PREPROCESSOR_DEFINITIONS = (
					"DEBUG=1",
					"$(inherited)",
				);
				GCC_WARN_64_TO_32_BIT_CONVERSION = YES;
				GCC_WARN_ABOUT_RETURN_TYPE = YES_ERROR;
				GCC_WARN_UNDECLARED_SELECTOR = YES;
				GCC_WARN_UNINITIALIZED_AUTOS = YES_AGGRESSIVE;
				GCC_WARN_UNUSED_FUNCTION = YES;
				GCC_WARN_UNUSED_VARIABLE = YES;
				IPHONEOS_DEPLOYMENT_TARGET = 26.2;
				LOCALIZATION_PREFERS_STRING_CATALOGS = YES;
				MTL_ENABLE_DEBUG_INFO = INCLUDE_SOURCE;
				MTL_FAST_MATH = YES;
				ONLY_ACTIVE_ARCH = YES;
				SDKROOT = iphoneos;
				SWIFT_ACTIVE_COMPILATION_CONDITIONS = "DEBUG $(inherited)";
				SWIFT_OPTIMIZATION_LEVEL = "-Onone";
			};
			name = Debug;
		};
		6F9401D02EF8776700C02EE3 /* Release */ = {
			isa = XCBuildConfiguration;
			buildSettings = {
				ALWAYS_SEARCH_USER_PATHS = NO;
				ASSETCATALOG_COMPILER_GENERATE_SWIFT_ASSET_SYMBOL_EXTENSIONS = YES;
				CLANG_ANALYZER_NONNULL = YES;
				CLANG_ANALYZER_NUMBER_OBJECT_CONVERSION = YES_AGGRESSIVE;
				CLANG_CXX_LANGUAGE_STANDARD = "gnu++20";
				CLANG_ENABLE_MODULES = YES;
				CLANG_ENABLE_OBJC_ARC = YES;
				CLANG_ENABLE_OBJC_WEAK = YES;
				CLANG_WARN_BLOCK_CAPTURE_AUTORELEASING = YES;
				CLANG_WARN_BOOL_CONVERSION = YES;
				CLANG_WARN_COMMA = YES;
				CLANG_WARN_CONSTANT_CONVERSION = YES;
				CLANG_WARN_DEPRECATED_OBJC_IMPLEMENTATIONS = YES;
				CLANG_WARN_DIRECT_OBJC_ISA_USAGE = YES_ERROR;
				CLANG_WARN_DOCUMENTATION_COMMENTS = YES;
				CLANG_WARN_EMPTY_BODY = YES;
				CLANG_WARN_ENUM_CONVERSION = YES;
				CLANG_WARN_INFINITE_RECURSION = YES;
				CLANG_WARN_INT_CONVERSION = YES;
				CLANG_WARN_NON_LITERAL_NULL_CONVERSION = YES;
				CLANG_WARN_OBJC_IMPLICIT_RETAIN_SELF = YES;
				CLANG_WARN_OBJC_LITERAL_CONVERSION = YES;
				CLANG_WARN_OBJC_ROOT_CLASS = YES_ERROR;
				CLANG_WARN_QUOTED_INCLUDE_IN_FRAMEWORK_HEADER = YES;
				CLANG_WARN_RANGE_LOOP_ANALYSIS = YES;
				CLANG_WARN_STRICT_PROTOTYPES = YES;
				CLANG_WARN_SUSPICIOUS_MOVE = YES;
				CLANG_WARN_UNGUARDED_AVAILABILITY = YES_AGGRESSIVE;
				CLANG_WARN_UNREACHABLE_CODE = YES;
				CLANG_WARN__DUPLICATE_METHOD_MATCH = YES;
				COPY_PHASE_STRIP = NO;
				DEBUG_INFORMATION_FORMAT = "dwarf-with-dsym";
				DEVELOPMENT_TEAM = K7T7J4BD4W;
				ENABLE_NS_ASSERTIONS = NO;
				ENABLE_STRICT_OBJC_MSGSEND = YES;
				ENABLE_USER_SCRIPT_SANDBOXING = YES;
				GCC_C_LANGUAGE_STANDARD = gnu17;
				GCC_NO_COMMON_BLOCKS = YES;
				GCC_WARN_64_TO_32_BIT_CONVERSION = YES;
				GCC_WARN_ABOUT_RETURN_TYPE = YES_ERROR;
				GCC_WARN_UNDECLARED_SELECTOR = YES;
				GCC_WARN_UNINITIALIZED_AUTOS = YES_AGGRESSIVE;
				GCC_WARN_UNUSED_FUNCTION = YES;
				GCC_WARN_UNUSED_VARIABLE = YES;
				IPHONEOS_DEPLOYMENT_TARGET = 26.2;
				LOCALIZATION_PREFERS_STRING_CATALOGS = YES;
				MTL_ENABLE_DEBUG_INFO = NO;
				MTL_FAST_MATH = YES;
				SDKROOT = iphoneos;
				SWIFT_COMPILATION_MODE = wholemodule;
				VALIDATE_PRODUCT = YES;
			};
			name = Release;
		};
		6F9401D22EF8776700C02EE3 /* Debug */ = {
			isa = XCBuildConfiguration;
			buildSettings = {
				ASSETCATALOG_COMPILER_APPICON_NAME = AppIcon;
				ASSETCATALOG_COMPILER_GLOBAL_ACCENT_COLOR_NAME = AccentColor;
				CODE_SIGN_ENTITLEMENTS = MetronomeApp/MetronomeApp.entitlements;
				CODE_SIGN_STYLE = Automatic;
				CURRENT_PROJECT_VERSION = 1;
				DEVELOPMENT_TEAM = K7T7J4BD4W;
				ENABLE_PREVIEWS = YES;
				GENERATE_INFOPLIST_FILE = YES;
				INFOPLIST_FILE = MetronomeApp/Info.plist;
				INFOPLIST_KEY_UIApplicationSceneManifest_Generation = YES;
				INFOPLIST_KEY_UIApplicationSupportsIndirectInputEvents = YES;
				INFOPLIST_KEY_UILaunchScreen_Generation = YES;
				INFOPLIST_KEY_UISupportedInterfaceOrientations_iPad = "UIInterfaceOrientationPortrait UIInterfaceOrientationPortraitUpsideDown UIInterfaceOrientationLandscapeLeft UIInterfaceOrientationLandscapeRight";
				INFOPLIST_KEY_UISupportedInterfaceOrientations_iPhone = "UIInterfaceOrientationPortrait UIInterfaceOrientationLandscapeLeft UIInterfaceOrientationLandscapeRight";
				LD_RUNPATH_SEARCH_PATHS = (
					"$(inherited)",
					"@executable_path/Frameworks",
				);
				MARKETING_VERSION = 1.0;
				PRODUCT_BUNDLE_IDENTIFIER = com.danielbutler.MetronomeApp;
				PRODUCT_NAME = "$(TARGET_NAME)";
				STRING_CATALOG_GENERATE_SYMBOLS = YES;
				SWIFT_APPROACHABLE_CONCURRENCY = YES;
				SWIFT_DEFAULT_ACTOR_ISOLATION = MainActor;
				SWIFT_EMIT_LOC_STRINGS = YES;
				SWIFT_UPCOMING_FEATURE_MEMBER_IMPORT_VISIBILITY = YES;
				SWIFT_VERSION = 5.0;
				TARGETED_DEVICE_FAMILY = "1,2";
			};
			name = Debug;
		};
		6F9401D32EF8776700C02EE3 /* Release */ = {
			isa = XCBuildConfiguration;
			buildSettings = {
				ASSETCATALOG_COMPILER_APPICON_NAME = AppIcon;
				ASSETCATALOG_COMPILER_GLOBAL_ACCENT_COLOR_NAME = AccentColor;
				CODE_SIGN_ENTITLEMENTS = MetronomeApp/MetronomeApp.entitlements;
				CODE_SIGN_STYLE = Automatic;
				CURRENT_PROJECT_VERSION = 1;
				DEVELOPMENT_TEAM = K7T7J4BD4W;
				ENABLE_PREVIEWS = YES;
				GENERATE_INFOPLIST_FILE = YES;
				INFOPLIST_FILE = MetronomeApp/Info.plist;
				INFOPLIST_KEY_UIApplicationSceneManifest_Generation = YES;
				INFOPLIST_KEY_UIApplicationSupportsIndirectInputEvents = YES;
				INFOPLIST_KEY_UILaunchScreen_Generation = YES;
				INFOPLIST_KEY_UISupportedInterfaceOrientations_iPad = "UIInterfaceOrientationPortrait UIInterfaceOrientationPortraitUpsideDown UIInterfaceOrientationLandscapeLeft UIInterfaceOrientationLandscapeRight";
				INFOPLIST_KEY_UISupportedInterfaceOrientations_iPhone = "UIInterfaceOrientationPortrait UIInterfaceOrientationLandscapeLeft UIInterfaceOrientationLandscapeRight";
				LD_RUNPATH_SEARCH_PATHS = (
					"$(inherited)",
					"@executable_path/Frameworks",
				);
				MARKETING_VERSION = 1.0;
				PRODUCT_BUNDLE_IDENTIFIER = com.danielbutler.MetronomeApp;
				PRODUCT_NAME = "$(TARGET_NAME)";
				STRING_CATALOG_GENERATE_SYMBOLS = YES;
				SWIFT_APPROACHABLE_CONCURRENCY = YES;
				SWIFT_DEFAULT_ACTOR_ISOLATION = MainActor;
				SWIFT_EMIT_LOC_STRINGS = YES;
				SWIFT_UPCOMING_FEATURE_MEMBER_IMPORT_VISIBILITY = YES;
				SWIFT_VERSION = 5.0;
				TARGETED_DEVICE_FAMILY = "1,2";
			};
			name = Release;
		};
		6F9401D52EF8776700C02EE3 /* Debug */ = {
			isa = XCBuildConfiguration;
			buildSettings = {
				BUNDLE_LOADER = "$(TEST_HOST)";
				CODE_SIGN_STYLE = Automatic;
				CURRENT_PROJECT_VERSION = 1;
				DEVELOPMENT_TEAM = K7T7J4BD4W;
				GENERATE_INFOPLIST_FILE = YES;
				IPHONEOS_DEPLOYMENT_TARGET = 26.2;
				MARKETING_VERSION = 1.0;
				PRODUCT_BUNDLE_IDENTIFIER = com.danielbutler.MetronomeAppTests;
				PRODUCT_NAME = "$(TARGET_NAME)";
				STRING_CATALOG_GENERATE_SYMBOLS = NO;
				SWIFT_APPROACHABLE_CONCURRENCY = YES;
				SWIFT_EMIT_LOC_STRINGS = NO;
				SWIFT_UPCOMING_FEATURE_MEMBER_IMPORT_VISIBILITY = YES;
				SWIFT_VERSION = 5.0;
				TARGETED_DEVICE_FAMILY = "1,2";
				TEST_HOST = "$(BUILT_PRODUCTS_DIR)/MetronomeApp.app/$(BUNDLE_EXECUTABLE_FOLDER_PATH)/MetronomeApp";
			};
			name = Debug;
		};
		6F9401D62EF8776700C02EE3 /* Release */ = {
			isa = XCBuildConfiguration;
			buildSettings = {
				BUNDLE_LOADER = "$(TEST_HOST)";
				CODE_SIGN_STYLE = Automatic;
				CURRENT_PROJECT_VERSION = 1;
				DEVELOPMENT_TEAM = K7T7J4BD4W;
				GENERATE_INFOPLIST_FILE = YES;
				IPHONEOS_DEPLOYMENT_TARGET = 26.2;
				MARKETING_VERSION = 1.0;
				PRODUCT_BUNDLE_IDENTIFIER = com.danielbutler.MetronomeAppTests;
				PRODUCT_NAME = "$(TARGET_NAME)";
				STRING_CATALOG_GENERATE_SYMBOLS = NO;
				SWIFT_APPROACHABLE_CONCURRENCY = YES;
				SWIFT_EMIT_LOC_STRINGS = NO;
				SWIFT_UPCOMING_FEATURE_MEMBER_IMPORT_VISIBILITY = YES;
				SWIFT_VERSION = 5.0;
				TARGETED_DEVICE_FAMILY = "1,2";
				TEST_HOST = "$(BUILT_PRODUCTS_DIR)/MetronomeApp.app/$(BUNDLE_EXECUTABLE_FOLDER_PATH)/MetronomeApp";
			};
			name = Release;
		};
		6F9401D82EF8776700C02EE3 /* Debug */ = {
			isa = XCBuildConfiguration;
			buildSettings = {
				CODE_SIGN_STYLE = Automatic;
				CURRENT_PROJECT_VERSION = 1;
				DEVELOPMENT_TEAM = K7T7J4BD4W;
				GENERATE_INFOPLIST_FILE = YES;
				MARKETING_VERSION = 1.0;
				PRODUCT_BUNDLE_IDENTIFIER = com.danielbutler.MetronomeAppUITests;
				PRODUCT_NAME = "$(TARGET_NAME)";
				STRING_CATALOG_GENERATE_SYMBOLS = NO;
				SWIFT_APPROACHABLE_CONCURRENCY = YES;
				SWIFT_EMIT_LOC_STRINGS = NO;
				SWIFT_UPCOMING_FEATURE_MEMBER_IMPORT_VISIBILITY = YES;
				SWIFT_VERSION = 5.0;
				TARGETED_DEVICE_FAMILY = "1,2";
				TEST_TARGET_NAME = MetronomeApp;
			};
			name = Debug;
		};
		6F9401D92EF8776700C02EE3 /* Release */ = {
			isa = XCBuildConfiguration;
			buildSettings = {
				CODE_SIGN_STYLE = Automatic;
				CURRENT_PROJECT_VERSION = 1;
				DEVELOPMENT_TEAM = K7T7J4BD4W;
				GENERATE_INFOPLIST_FILE = YES;
				MARKETING_VERSION = 1.0;
				PRODUCT_BUNDLE_IDENTIFIER = com.danielbutler.MetronomeAppUITests;
				PRODUCT_NAME = "$(TARGET_NAME)";
				STRING_CATALOG_GENERATE_SYMBOLS = NO;
				SWIFT_APPROACHABLE_CONCURRENCY = YES;
				SWIFT_EMIT_LOC_STRINGS = NO;
				SWIFT_UPCOMING_FEATURE_MEMBER_IMPORT_VISIBILITY = YES;
				SWIFT_VERSION = 5.0;
				TARGETED_DEVICE_FAMILY = "1,2";
				TEST_TARGET_NAME = MetronomeApp;
			};
			name = Release;
		};
		6FCE59822EFB756A0083AC60 /* Debug */ = {
			isa = XCBuildConfiguration;
			buildSettings = {
				ASSETCATALOG_COMPILER_GLOBAL_ACCENT_COLOR_NAME = AccentColor;
				ASSETCATALOG_COMPILER_WIDGET_BACKGROUND_COLOR_NAME = WidgetBackground;
				CODE_SIGN_ENTITLEMENTS = MetronomeWidgetExtension.entitlements;
				CODE_SIGN_STYLE = Automatic;
				CURRENT_PROJECT_VERSION = 1;
				DEVELOPMENT_TEAM = K7T7J4BD4W;
				GENERATE_INFOPLIST_FILE = YES;
				INFOPLIST_FILE = MetronomeWidget/Info.plist;
				INFOPLIST_KEY_CFBundleDisplayName = MetronomeWidget;
				INFOPLIST_KEY_NSHumanReadableCopyright = "";
				LD_RUNPATH_SEARCH_PATHS = (
					"$(inherited)",
					"@executable_path/Frameworks",
					"@executable_path/../../Frameworks",
				);
				MARKETING_VERSION = 1.0;
				PRODUCT_BUNDLE_IDENTIFIER = com.danielbutler.MetronomeApp.MetronomeWidget;
				PRODUCT_NAME = "$(TARGET_NAME)";
				SKIP_INSTALL = YES;
				STRING_CATALOG_GENERATE_SYMBOLS = YES;
				SWIFT_APPROACHABLE_CONCURRENCY = YES;
				SWIFT_EMIT_LOC_STRINGS = YES;
				SWIFT_UPCOMING_FEATURE_MEMBER_IMPORT_VISIBILITY = YES;
				SWIFT_VERSION = 5.0;
				TARGETED_DEVICE_FAMILY = "1,2";
			};
			name = Debug;
		};
		6FCE59832EFB756A0083AC60 /* Release */ = {
			isa = XCBuildConfiguration;
			buildSettings = {
				ASSETCATALOG_COMPILER_GLOBAL_ACCENT_COLOR_NAME = AccentColor;
				ASSETCATALOG_COMPILER_WIDGET_BACKGROUND_COLOR_NAME = WidgetBackground;
				CODE_SIGN_ENTITLEMENTS = MetronomeWidgetExtension.entitlements;
				CODE_SIGN_STYLE = Automatic;
				CURRENT_PROJECT_VERSION = 1;
				DEVELOPMENT_TEAM = K7T7J4BD4W;
				GENERATE_INFOPLIST_FILE = YES;
				INFOPLIST_FILE = MetronomeWidget/Info.plist;
				INFOPLIST_KEY_CFBundleDisplayName = MetronomeWidget;
				INFOPLIST_KEY_NSHumanReadableCopyright = "";
				LD_RUNPATH_SEARCH_PATHS = (
					"$(inherited)",
					"@executable_path/Frameworks",
					"@executable_path/../../Frameworks",
				);
				MARKETING_VERSION = 1.0;
				PRODUCT_BUNDLE_IDENTIFIER = com.danielbutler.MetronomeApp.MetronomeWidget;
				PRODUCT_NAME = "$(TARGET_NAME)";
				SKIP_INSTALL = YES;
				STRING_CATALOG_GENERATE_SYMBOLS = YES;
				SWIFT_APPROACHABLE_CONCURRENCY = YES;
				SWIFT_EMIT_LOC_STRINGS = YES;
				SWIFT_UPCOMING_FEATURE_MEMBER_IMPORT_VISIBILITY = YES;
				SWIFT_VERSION = 5.0;
				TARGETED_DEVICE_FAMILY = "1,2";
			};
			name = Release;
		};
/* End XCBuildConfiguration section */

/* Begin XCConfigurationList section */
		6F6C933B2F630404006CDF1E /* Build configuration list for PBXNativeTarget "OneEightyWatch Watch App" */ = {
			isa = XCConfigurationList;
			buildConfigurations = (
				6F6C93352F630404006CDF1E /* Debug */,
				6F6C93362F630404006CDF1E /* Release */,
			);
			defaultConfigurationIsVisible = 0;
			defaultConfigurationName = Release;
		};
		6F6C933C2F630404006CDF1E /* Build configuration list for PBXNativeTarget "OneEightyWatch Watch AppTests" */ = {
			isa = XCConfigurationList;
			buildConfigurations = (
				6F6C93372F630404006CDF1E /* Debug */,
				6F6C93382F630404006CDF1E /* Release */,
			);
			defaultConfigurationIsVisible = 0;
			defaultConfigurationName = Release;
		};
		6F6C933D2F630404006CDF1E /* Build configuration list for PBXNativeTarget "OneEightyWatch Watch AppUITests" */ = {
			isa = XCConfigurationList;
			buildConfigurations = (
				6F6C93392F630404006CDF1E /* Debug */,
				6F6C933A2F630404006CDF1E /* Release */,
			);
			defaultConfigurationIsVisible = 0;
			defaultConfigurationName = Release;
		};
		6F9401AB2EF8776500C02EE3 /* Build configuration list for PBXProject "MetronomeApp" */ = {
			isa = XCConfigurationList;
			buildConfigurations = (
				6F9401CF2EF8776700C02EE3 /* Debug */,
				6F9401D02EF8776700C02EE3 /* Release */,
			);
			defaultConfigurationIsVisible = 0;
			defaultConfigurationName = Release;
		};
		6F9401D12EF8776700C02EE3 /* Build configuration list for PBXNativeTarget "MetronomeApp" */ = {
			isa = XCConfigurationList;
			buildConfigurations = (
				6F9401D22EF8776700C02EE3 /* Debug */,
				6F9401D32EF8776700C02EE3 /* Release */,
			);
			defaultConfigurationIsVisible = 0;
			defaultConfigurationName = Release;
		};
		6F9401D42EF8776700C02EE3 /* Build configuration list for PBXNativeTarget "MetronomeAppTests" */ = {
			isa = XCConfigurationList;
			buildConfigurations = (
				6F9401D52EF8776700C02EE3 /* Debug */,
				6F9401D62EF8776700C02EE3 /* Release */,
			);
			defaultConfigurationIsVisible = 0;
			defaultConfigurationName = Release;
		};
		6F9401D72EF8776700C02EE3 /* Build configuration list for PBXNativeTarget "MetronomeAppUITests" */ = {
			isa = XCConfigurationList;
			buildConfigurations = (
				6F9401D82EF8776700C02EE3 /* Debug */,
				6F9401D92EF8776700C02EE3 /* Release */,
			);
			defaultConfigurationIsVisible = 0;
			defaultConfigurationName = Release;
		};
		6FCE59812EFB756A0083AC60 /* Build configuration list for PBXNativeTarget "MetronomeWidgetExtension" */ = {
			isa = XCConfigurationList;
			buildConfigurations = (
				6FCE59822EFB756A0083AC60 /* Debug */,
				6FCE59832EFB756A0083AC60 /* Release */,
			);
			defaultConfigurationIsVisible = 0;
			defaultConfigurationName = Release;
		};
/* End XCConfigurationList section */
	};
	rootObject = 6F9401A82EF8776500C02EE3 /* Project object */;
}
